// !$*UTF8*$!
{
	archiveVersion = 1;
	classes = {
	};
	objectVersion = 50;
	objects = {

/* Begin PBXBuildFile section */
		AA1DB2DC2450A3CB009E59FD /* AppDelegate.swift in Sources */ = {isa = PBXBuildFile; fileRef = AA1DB2DB2450A3CB009E59FD /* AppDelegate.swift */; };
		AA1DB2DE2450A3CB009E59FD /* SceneDelegate.swift in Sources */ = {isa = PBXBuildFile; fileRef = AA1DB2DD2450A3CB009E59FD /* SceneDelegate.swift */; };
		AA1DB2E02450A3CB009E59FD /* ViewController.swift in Sources */ = {isa = PBXBuildFile; fileRef = AA1DB2DF2450A3CB009E59FD /* ViewController.swift */; };
		AA1DB2E32450A3CB009E59FD /* Main.storyboard in Resources */ = {isa = PBXBuildFile; fileRef = AA1DB2E12450A3CB009E59FD /* Main.storyboard */; };
		AA1DB2E52450A3CD009E59FD /* Assets.xcassets in Resources */ = {isa = PBXBuildFile; fileRef = AA1DB2E42450A3CD009E59FD /* Assets.xcassets */; };
		AA1DB2E82450A3CD009E59FD /* LaunchScreen.storyboard in Resources */ = {isa = PBXBuildFile; fileRef = AA1DB2E62450A3CD009E59FD /* LaunchScreen.storyboard */; };
		AA1DB2F02450A490009E59FD /* TodoModel.swift in Sources */ = {isa = PBXBuildFile; fileRef = AA1DB2EF2450A490009E59FD /* TodoModel.swift */; };
/* End PBXBuildFile section */

/* Begin PBXFileReference section */
		AA1DB2D82450A3CB009E59FD /* Async API call.app */ = {isa = PBXFileReference; explicitFileType = wrapper.application; includeInIndex = 0; path = "Async API call.app"; sourceTree = BUILT_PRODUCTS_DIR; };
		AA1DB2DB2450A3CB009E59FD /* AppDelegate.swift */ = {isa = PBXFileReference; lastKnownFileType = sourcecode.swift; path = AppDelegate.swift; sourceTree = "<group>"; };
		AA1DB2DD2450A3CB009E59FD /* SceneDelegate.swift */ = {isa = PBXFileReference; lastKnownFileType = sourcecode.swift; path = SceneDelegate.swift; sourceTree = "<group>"; };
		AA1DB2DF2450A3CB009E59FD /* ViewController.swift */ = {isa = PBXFileReference; lastKnownFileType = sourcecode.swift; path = ViewController.swift; sourceTree = "<group>"; };
		AA1DB2E22450A3CB009E59FD /* Base */ = {isa = PBXFileReference; lastKnownFileType = file.storyboard; name = Base; path = Base.lproj/Main.storyboard; sourceTree = "<group>"; };
		AA1DB2E42450A3CD009E59FD /* Assets.xcassets */ = {isa = PBXFileReference; lastKnownFileType = folder.assetcatalog; path = Assets.xcassets; sourceTree = "<group>"; };
		AA1DB2E72450A3CD009E59FD /* Base */ = {isa = PBXFileReference; lastKnownFileType = file.storyboard; name = Base; path = Base.lproj/LaunchScreen.storyboard; sourceTree = "<group>"; };
		AA1DB2E92450A3CD009E59FD /* Info.plist */ = {isa = PBXFileReference; lastKnownFileType = text.plist.xml; path = Info.plist; sourceTree = "<group>"; };
		AA1DB2EF2450A490009E59FD /* TodoModel.swift */ = {isa = PBXFileReference; lastKnownFileType = sourcecode.swift; path = TodoModel.swift; sourceTree = "<group>"; };
/* End PBXFileReference section */

/* Begin PBXFrameworksBuildPhase section */
		AA1DB2D52450A3CB009E59FD /* Frameworks */ = {
			isa = PBXFrameworksBuildPhase;
			buildActionMask = 2147483647;
			files = (
			);
			runOnlyForDeploymentPostprocessing = 0;
		};
/* End PBXFrameworksBuildPhase section */

/* Begin PBXGroup section */
		AA1DB2CF2450A3CB009E59FD = {
			isa = PBXGroup;
			children = (
				AA1DB2DA2450A3CB009E59FD /* Async API call */,
				AA1DB2D92450A3CB009E59FD /* Products */,
			);
			sourceTree = "<group>";
		};
		AA1DB2D92450A3CB009E59FD /* Products */ = {
			isa = PBXGroup;
			children = (
				AA1DB2D82450A3CB009E59FD /* Async API call.app */,
			);
			name = Products;
			sourceTree = "<group>";
		};
		AA1DB2DA2450A3CB009E59FD /* Async API call */ = {
			isa = PBXGroup;
			children = (
				AA1DB2DB2450A3CB009E59FD /* AppDelegate.swift */,
				AA1DB2DD2450A3CB009E59FD /* SceneDelegate.swift */,
				AA1DB2DF2450A3CB009E59FD /* ViewController.swift */,
				AA1DB2E12450A3CB009E59FD /* Main.storyboard */,
				AA1DB2E42450A3CD009E59FD /* Assets.xcassets */,
				AA1DB2E62450A3CD009E59FD /* LaunchScreen.storyboard */,
				AA1DB2E92450A3CD009E59FD /* Info.plist */,
				AA1DB2EF2450A490009E59FD /* TodoModel.swift */,
			);
			path = "Async API call";
			sourceTree = "<group>";
		};
/* End PBXGroup section */

/* Begin PBXNativeTarget section */
		AA1DB2D72450A3CB009E59FD /* Async API call */ = {
			isa = PBXNativeTarget;
			buildConfigurationList = AA1DB2EC2450A3CD009E59FD /* Build configuration list for PBXNativeTarget "Async API call" */;
			buildPhases = (
				AA1DB2D42450A3CB009E59FD /* Sources */,
				AA1DB2D52450A3CB009E59FD /* Frameworks */,
				AA1DB2D62450A3CB009E59FD /* Resources */,
			);
			buildRules = (
			);
			dependencies = (
			);
			name = "Async API call";
			productName = "Async API call";
			productReference = AA1DB2D82450A3CB009E59FD /* Async API call.app */;
			productType = "com.apple.product-type.application";
		};
/* End PBXNativeTarget section */

/* Begin PBXProject section */
		AA1DB2D02450A3CB009E59FD /* Project object */ = {
			isa = PBXProject;
			attributes = {
				LastSwiftUpdateCheck = 1140;
				LastUpgradeCheck = 1140;
				ORGANIZATIONNAME = "Mohit Agrawal";
				TargetAttributes = {
					AA1DB2D72450A3CB009E59FD = {
						CreatedOnToolsVersion = 11.4;
					};
				};
			};
			buildConfigurationList = AA1DB2D32450A3CB009E59FD /* Build configuration list for PBXProject "Async API call" */;
			compatibilityVersion = "Xcode 9.3";
			developmentRegion = en;
			hasScannedForEncodings = 0;
			knownRegions = (
				en,
				Base,
			);
			mainGroup = AA1DB2CF2450A3CB009E59FD;
			productRefGroup = AA1DB2D92450A3CB009E59FD /* Products */;
			projectDirPath = "";
			projectRoot = "";
			targets = (
				AA1DB2D72450A3CB009E59FD /* Async API call */,
			);
		};
/* End PBXProject section */

/* Begin PBXResourcesBuildPhase section */
		AA1DB2D62450A3CB009E59FD /* Resources */ = {
			isa = PBXResourcesBuildPhase;
			buildActionMask = 2147483647;
			files = (
				AA1DB2E82450A3CD009E59FD /* LaunchScreen.storyboard in Resources */,
				AA1DB2E52450A3CD009E59FD /* Assets.xcassets in Resources */,
				AA1DB2E32450A3CB009E59FD /* Main.storyboard in Resources */,
			);
			runOnlyForDeploymentPostprocessing = 0;
		};
/* End PBXResourcesBuildPhase section */

/* Begin PBXSourcesBuildPhase section */
		AA1DB2D42450A3CB009E59FD /* Sources */ = {
			isa = PBXSourcesBuildPhase;
			buildActionMask = 2147483647;
			files = (
				AA1DB2E02450A3CB009E59FD /* ViewController.swift in Sources */,
				AA1DB2F02450A490009E59FD /* TodoModel.swift in Sources */,
				AA1DB2DC2450A3CB009E59FD /* AppDelegate.swift in Sources */,
				AA1DB2DE2450A3CB009E59FD /* SceneDelegate.swift in Sources */,
			);
			runOnlyForDeploymentPostprocessing = 0;
		};
/* End PBXSourcesBuildPhase section */

/* Begin PBXVariantGroup section */
		AA1DB2E12450A3CB009E59FD /* Main.storyboard */ = {
			isa = PBXVariantGroup;
			children = (
				AA1DB2E22450A3CB009E59FD /* Base */,
			);
			name = Main.storyboard;
			sourceTree = "<group>";
		};
		AA1DB2E62450A3CD009E59FD /* LaunchScreen.storyboard */ = {
			isa = PBXVariantGroup;
			children = (
				AA1DB2E72450A3CD009E59FD /* Base */,
			);
			name = LaunchScreen.storyboard;
			sourceTree = "<group>";
		};
/* End PBXVariantGroup section */

/* Begin XCBuildConfiguration section */
		AA1DB2EA2450A3CD009E59FD /* Debug */ = {
			isa = XCBuildConfiguration;
			buildSettings = {
				ALWAYS_SEARCH_USER_PATHS = NO;
				CLANG_ANALYZER_NONNULL = YES;
				CLANG_ANALYZER_NUMBER_OBJECT_CONVERSION = YES_AGGRESSIVE;
				CLANG_CXX_LANGUAGE_STANDARD = "gnu++14";
				CLANG_CXX_LIBRARY = "libc++";
				CLANG_ENABLE_MODULES = YES;
				CLANG_ENABLE_OBJC_ARC = YES;
				CLANG_ENABLE_OBJC_WEAK = YES;
				CLANG_WARN_BLOCK_CAPTURE_AUTORELEASING = YES;
				CLANG_WARN_BOOL_CONVERSION = YES;
				CLANG_WARN_COMMA = YES;
				CLANG_WARN_CONSTANT_CONVERSION = YES;
				CLANG_WARN_DEPRECATED_OBJC_IMPLEMENTATIONS = YES;
				CLANG_WARN_DIRECT_OBJC_ISA_USAGE = YES_ERROR;
				CLANG_WARN_DOCUMENTATION_COMMENTS = YES;
				CLANG_WARN_EMPTY_BODY = YES;
				CLANG_WARN_ENUM_CONVERSION = YES;
				CLANG_WARN_INFINITE_RECURSION = YES;
				CLANG_WARN_INT_CONVERSION = YES;
				CLANG_WARN_NON_LITERAL_NULL_CONVERSION = YES;
				CLANG_WARN_OBJC_IMPLICIT_RETAIN_SELF = YES;
				CLANG_WARN_OBJC_LITERAL_CONVERSION = YES;
				CLANG_WARN_OBJC_ROOT_CLASS = YES_ERROR;
				CLANG_WARN_RANGE_LOOP_ANALYSIS = YES;
				CLANG_WARN_STRICT_PROTOTYPES = YES;
				CLANG_WARN_SUSPICIOUS_MOVE = YES;
				CLANG_WARN_UNGUARDED_AVAILABILITY = YES_AGGRESSIVE;
				CLANG_WARN_UNREACHABLE_CODE = YES;
				CLANG_WARN__DUPLICATE_METHOD_MATCH = YES;
				COPY_PHASE_STRIP = NO;
				DEBUG_INFORMATION_FORMAT = dwarf;
				ENABLE_STRICT_OBJC_MSGSEND = YES;
				ENABLE_TESTABILITY = YES;
				GCC_C_LANGUAGE_STANDARD = gnu11;
				GCC_DYNAMIC_NO_PIC = NO;
				GCC_NO_COMMON_BLOCKS = YES;
				GCC_OPTIMIZATION_LEVEL = 0;
				GCC_PREPROCESSOR_DEFINITIONS = (
					"DEBUG=1",
					"$(inherited)",
				);
				GCC_WARN_64_TO_32_BIT_CONVERSION = YES;
				GCC_WARN_ABOUT_RETURN_TYPE = YES_ERROR;
				GCC_WARN_UNDECLARED_SELECTOR = YES;
				GCC_WARN_UNINITIALIZED_AUTOS = YES_AGGRESSIVE;
				GCC_WARN_UNUSED_FUNCTION = YES;
				GCC_WARN_UNUSED_VARIABLE = YES;
				IPHONEOS_DEPLOYMENT_TARGET = 13.4;
				MTL_ENABLE_DEBUG_INFO = INCLUDE_SOURCE;
				MTL_FAST_MATH = YES;
				ONLY_ACTIVE_ARCH = YES;
				SDKROOT = iphoneos;
				SWIFT_ACTIVE_COMPILATION_CONDITIONS = DEBUG;
				SWIFT_OPTIMIZATION_LEVEL = "-Onone";
			};
			name = Debug;
		};
		AA1DB2EB2450A3CD009E59FD /* Release */ = {
			isa = XCBuildConfiguration;
			buildSettings = {
				ALWAYS_SEARCH_USER_PATHS = NO;
				CLANG_ANALYZER_NONNULL = YES;
				CLANG_ANALYZER_NUMBER_OBJECT_CONVERSION = YES_AGGRESSIVE;
				CLANG_CXX_LANGUAGE_STANDARD = "gnu++14";
				CLANG_CXX_LIBRARY = "libc++";
				CLANG_ENABLE_MODULES = YES;
				CLANG_ENABLE_OBJC_ARC = YES;
				CLANG_ENABLE_OBJC_WEAK = YES;
				CLANG_WARN_BLOCK_CAPTURE_AUTORELEASING = YES;
				CLANG_WARN_BOOL_CONVERSION = YES;
				CLANG_WARN_COMMA = YES;
				CLANG_WARN_CONSTANT_CONVERSION = YES;
				CLANG_WARN_DEPRECATED_OBJC_IMPLEMENTATIONS = YES;
				CLANG_WARN_DIRECT_OBJC_ISA_USAGE = YES_ERROR;
				CLANG_WARN_DOCUMENTATION_COMMENTS = YES;
				CLANG_WARN_EMPTY_BODY = YES;
				CLANG_WARN_ENUM_CONVERSION = YES;
				CLANG_WARN_INFINITE_RECURSION = YES;
				CLANG_WARN_INT_CONVERSION = YES;
				CLANG_WARN_NON_LITERAL_NULL_CONVERSION = YES;
				CLANG_WARN_OBJC_IMPLICIT_RETAIN_SELF = YES;
				CLANG_WARN_OBJC_LITERAL_CONVERSION = YES;
				CLANG_WARN_OBJC_ROOT_CLASS = YES_ERROR;
				CLANG_WARN_RANGE_LOOP_ANALYSIS = YES;
				CLANG_WARN_STRICT_PROTOTYPES = YES;
				CLANG_WARN_SUSPICIOUS_MOVE = YES;
				CLANG_WARN_UNGUARDED_AVAILABILITY = YES_AGGRESSIVE;
				CLANG_WARN_UNREACHABLE_CODE = YES;
				CLANG_WARN__DUPLICATE_METHOD_MATCH = YES;
				COPY_PHASE_STRIP = NO;
				DEBUG_INFORMATION_FORMAT = "dwarf-with-dsym";
				ENABLE_NS_ASSERTIONS = NO;
				ENABLE_STRICT_OBJC_MSGSEND = YES;
				GCC_C_LANGUAGE_STANDARD = gnu11;
				GCC_NO_COMMON_BLOCKS = YES;
				GCC_WARN_64_TO_32_BIT_CONVERSION = YES;
				GCC_WARN_ABOUT_RETURN_TYPE = YES_ERROR;
				GCC_WARN_UNDECLARED_SELECTOR = YES;
				GCC_WARN_UNINITIALIZED_AUTOS = YES_AGGRESSIVE;
				GCC_WARN_UNUSED_FUNCTION = YES;
				GCC_WARN_UNUSED_VARIABLE = YES;
				IPHONEOS_DEPLOYMENT_TARGET = 13.4;
				MTL_ENABLE_DEBUG_INFO = NO;
				MTL_FAST_MATH = YES;
				SDKROOT = iphoneos;
				SWIFT_COMPILATION_MODE = wholemodule;
				SWIFT_OPTIMIZATION_LEVEL = "-O";
				VALIDATE_PRODUCT = YES;
			};
			name = Release;
		};
		AA1DB2ED2450A3CD009E59FD /* Debug */ = {
			isa = XCBuildConfiguration;
			buildSettings = {
				ASSETCATALOG_COMPILER_APPICON_NAME = AppIcon;
				CODE_SIGN_STYLE = Automatic;
				INFOPLIST_FILE = "Async API call/Info.plist";
				LD_RUNPATH_SEARCH_PATHS = (
					"$(inherited)",
					"@executable_path/Frameworks",
				);
				PRODUCT_BUNDLE_IDENTIFIER = "warmodroid.Async-API-call";
				PRODUCT_NAME = "$(TARGET_NAME)";
				SWIFT_VERSION = 5.0;
				TARGETED_DEVICE_FAMILY = "1,2";
			};
			name = Debug;
		};
		AA1DB2EE2450A3CD009E59FD /* Release */ = {
			isa = XCBuildConfiguration;
			buildSettings = {
				ASSETCATALOG_COMPILER_APPICON_NAME = AppIcon;
				CODE_SIGN_STYLE = Automatic;
				INFOPLIST_FILE = "Async API call/Info.plist";
				LD_RUNPATH_SEARCH_PATHS = (
					"$(inherited)",
					"@executable_path/Frameworks",
				);
				PRODUCT_BUNDLE_IDENTIFIER = "warmodroid.Async-API-call";
				PRODUCT_NAME = "$(TARGET_NAME)";
				SWIFT_VERSION = 5.0;
				TARGETED_DEVICE_FAMILY = "1,2";
			};
			name = Release;
		};
/* End XCBuildConfiguration section */

/* Begin XCConfigurationList section */
		AA1DB2D32450A3CB009E59FD /* Build configuration list for PBXProject "Async API call" */ = {
			isa = XCConfigurationList;
			buildConfigurations = (
				AA1DB2EA2450A3CD009E59FD /* Debug */,
				AA1DB2EB2450A3CD009E59FD /* Release */,
			);
			defaultConfigurationIsVisible = 0;
			defaultConfigurationName = Release;
		};
		AA1DB2EC2450A3CD009E59FD /* Build configuration list for PBXNativeTarget "Async API call" */ = {
			isa = XCConfigurationList;
			buildConfigurations = (
				AA1DB2ED2450A3CD009E59FD /* Debug */,
				AA1DB2EE2450A3CD009E59FD /* Release */,
			);
			defaultConfigurationIsVisible = 0;
			defaultConfigurationName = Release;
		};
/* End XCConfigurationList section */
	};
	rootObject = AA1DB2D02450A3CB009E59FD /* Project object */;
}
